// !$*UTF8*$!
{
	archiveVersion = 1;
	classes = {
	};
	objectVersion = 46;
	objects = {

/* Begin PBXBuildFile section */
		800638CC1C8D166800B870BE /* AppDelegate.swift in Sources */ = {isa = PBXBuildFile; fileRef = 800638CB1C8D166800B870BE /* AppDelegate.swift */; };
		800638CE1C8D166800B870BE /* ViewController.swift in Sources */ = {isa = PBXBuildFile; fileRef = 800638CD1C8D166800B870BE /* ViewController.swift */; };
		800638D11C8D166800B870BE /* Main.storyboard in Resources */ = {isa = PBXBuildFile; fileRef = 800638CF1C8D166800B870BE /* Main.storyboard */; };
		800638D31C8D166800B870BE /* Assets.xcassets in Resources */ = {isa = PBXBuildFile; fileRef = 800638D21C8D166800B870BE /* Assets.xcassets */; };
		800638D61C8D166800B870BE /* LaunchScreen.storyboard in Resources */ = {isa = PBXBuildFile; fileRef = 800638D41C8D166800B870BE /* LaunchScreen.storyboard */; };
/* End PBXBuildFile section */

/* Begin PBXFileReference section */
		800638C81C8D166800B870BE /* TicTocToe.app */ = {isa = PBXFileReference; explicitFileType = wrapper.application; includeInIndex = 0; path = TicTocToe.app; sourceTree = BUILT_PRODUCTS_DIR; };
		800638CB1C8D166800B870BE /* AppDelegate.swift */ = {isa = PBXFileReference; lastKnownFileType = sourcecode.swift; path = AppDelegate.swift; sourceTree = "<group>"; };
		800638CD1C8D166800B870BE /* ViewController.swift */ = {isa = PBXFileReference; lastKnownFileType = sourcecode.swift; path = ViewController.swift; sourceTree = "<group>"; };
		800638D01C8D166800B870BE /* Base */ = {isa = PBXFileReference; lastKnownFileType = file.storyboard; name = Base; path = Base.lproj/Main.storyboard; sourceTree = "<group>"; };
		800638D21C8D166800B870BE /* Assets.xcassets */ = {isa = PBXFileReference; lastKnownFileType = folder.assetcatalog; path = Assets.xcassets; sourceTree = "<group>"; };
		800638D51C8D166800B870BE /* Base */ = {isa = PBXFileReference; lastKnownFileType = file.storyboard; name = Base; path = Base.lproj/LaunchScreen.storyboard; sourceTree = "<group>"; };
		800638D71C8D166800B870BE /* Info.plist */ = {isa = PBXFileReference; lastKnownFileType = text.plist.xml; path = Info.plist; sourceTree = "<group>"; };
/* End PBXFileReference section */

/* Begin PBXFrameworksBuildPhase section */
		800638C51C8D166800B870BE /* Frameworks */ = {
			isa = PBXFrameworksBuildPhase;
			buildActionMask = 2147483647;
			files = (
			);
			runOnlyForDeploymentPostprocessing = 0;
		};
/* End PBXFrameworksBuildPhase section */

/* Begin PBXGroup section */
		800638BF1C8D166800B870BE = {
			isa = PBXGroup;
			children = (
				800638CA1C8D166800B870BE /* TicTocToe */,
				800638C91C8D166800B870BE /* Products */,
			);
			sourceTree = "<group>";
		};
		800638C91C8D166800B870BE /* Products */ = {
			isa = PBXGroup;
			children = (
				800638C81C8D166800B870BE /* TicTocToe.app */,
			);
			name = Products;
			sourceTree = "<group>";
		};
		800638CA1C8D166800B870BE /* TicTocToe */ = {
			isa = PBXGroup;
			children = (
				800638CB1C8D166800B870BE /* AppDelegate.swift */,
				800638CD1C8D166800B870BE /* ViewController.swift */,
				800638CF1C8D166800B870BE /* Main.storyboard */,
				800638D21C8D166800B870BE /* Assets.xcassets */,
				800638D41C8D166800B870BE /* LaunchScreen.storyboard */,
				800638D71C8D166800B870BE /* Info.plist */,
			);
			path = TicTocToe;
			sourceTree = "<group>";
		};
/* End PBXGroup section */

/* Begin PBXNativeTarget section */
		800638C71C8D166800B870BE /* TicTocToe */ = {
			isa = PBXNativeTarget;
			buildConfigurationList = 800638DA1C8D166800B870BE /* Build configuration list for PBXNativeTarget "TicTocToe" */;
			buildPhases = (
				800638C41C8D166800B870BE /* Sources */,
				800638C51C8D166800B870BE /* Frameworks */,
				800638C61C8D166800B870BE /* Resources */,
			);
			buildRules = (
			);
			dependencies = (
			);
			name = TicTocToe;
			productName = TicTocToe;
			productReference = 800638C81C8D166800B870BE /* TicTocToe.app */;
			productType = "com.apple.product-type.application";
		};
/* End PBXNativeTarget section */

/* Begin PBXProject section */
		800638C01C8D166800B870BE /* Project object */ = {
			isa = PBXProject;
			attributes = {
				LastSwiftUpdateCheck = 0720;
				LastUpgradeCheck = 0720;
				ORGANIZATIONNAME = "@Randhir Kumar";
				TargetAttributes = {
					800638C71C8D166800B870BE = {
						CreatedOnToolsVersion = 7.2.1;
					};
				};
			};
			buildConfigurationList = 800638C31C8D166800B870BE /* Build configuration list for PBXProject "TicTocToe" */;
			compatibilityVersion = "Xcode 3.2";
			developmentRegion = English;
			hasScannedForEncodings = 0;
			knownRegions = (
				en,
				Base,
			);
			mainGroup = 800638BF1C8D166800B870BE;
			productRefGroup = 800638C91C8D166800B870BE /* Products */;
			projectDirPath = "";
			projectRoot = "";
			targets = (
				800638C71C8D166800B870BE /* TicTocToe */,
			);
		};
/* End PBXProject section */

/* Begin PBXResourcesBuildPhase section */
		800638C61C8D166800B870BE /* Resources */ = {
			isa = PBXResourcesBuildPhase;
			buildActionMask = 2147483647;
			files = (
				800638D61C8D166800B870BE /* LaunchScreen.storyboard in Resources */,
				800638D31C8D166800B870BE /* Assets.xcassets in Resources */,
				800638D11C8D166800B870BE /* Main.storyboard in Resources */,
			);
			runOnlyForDeploymentPostprocessing = 0;
		};
/* End PBXResourcesBuildPhase section */

/* Begin PBXSourcesBuildPhase section */
		800638C41C8D166800B870BE /* Sources */ = {
			isa = PBXSourcesBuildPhase;
			buildActionMask = 2147483647;
			files = (
				800638CE1C8D166800B870BE /* ViewController.swift in Sources */,
				800638CC1C8D166800B870BE /* AppDelegate.swift in Sources */,
			);
			runOnlyForDeploymentPostprocessing = 0;
		};
/* End PBXSourcesBuildPhase section */

/* Begin PBXVariantGroup section */
		800638CF1C8D166800B870BE /* Main.storyboard */ = {
			isa = PBXVariantGroup;
			children = (
				800638D01C8D166800B870BE /* Base */,
			);
			name = Main.storyboard;
			sourceTree = "<group>";
		};
		800638D41C8D166800B870BE /* LaunchScreen.storyboard */ = {
			isa = PBXVariantGroup;
			children = (
				800638D51C8D166800B870BE /* Base */,
			);
			name = LaunchScreen.storyboard;
			sourceTree = "<group>";
		};
/* End PBXVariantGroup section */

/* Begin XCBuildConfiguration section */
		800638D81C8D166800B870BE /* Debug */ = {
			isa = XCBuildConfiguration;
			buildSettings = {
				ALWAYS_SEARCH_USER_PATHS = NO;
				CLANG_CXX_LANGUAGE_STANDARD = "gnu++0x";
				CLANG_CXX_LIBRARY = "libc++";
				CLANG_ENABLE_MODULES = YES;
				CLANG_ENABLE_OBJC_ARC = YES;
				CLANG_WARN_BOOL_CONVERSION = YES;
				CLANG_WARN_CONSTANT_CONVERSION = YES;
				CLANG_WARN_DIRECT_OBJC_ISA_USAGE = YES_ERROR;
				CLANG_WARN_EMPTY_BODY = YES;
				CLANG_WARN_ENUM_CONVERSION = YES;
				CLANG_WARN_INT_CONVERSION = YES;
				CLANG_WARN_OBJC_ROOT_CLASS = YES_ERROR;
				CLANG_WARN_UNREACHABLE_CODE = YES;
				CLANG_WARN__DUPLICATE_METHOD_MATCH = YES;
				"CODE_SIGN_IDENTITY[sdk=iphoneos*]" = "iPhone Developer";
				COPY_PHASE_STRIP = NO;
				DEBUG_INFORMATION_FORMAT = dwarf;
				ENABLE_STRICT_OBJC_MSGSEND = YES;
				ENABLE_TESTABILITY = YES;
				GCC_C_LANGUAGE_STANDARD = gnu99;
				GCC_DYNAMIC_NO_PIC = NO;
				GCC_NO_COMMON_BLOCKS = YES;
				GCC_OPTIMIZATION_LEVEL = 0;
				GCC_PREPROCESSOR_DEFINITIONS = (
					"DEBUG=1",
					"$(inherited)",
				);
				GCC_WARN_64_TO_32_BIT_CONVERSION = YES;
				GCC_WARN_ABOUT_RETURN_TYPE = YES_ERROR;
				GCC_WARN_UNDECLARED_SELECTOR = YES;
				GCC_WARN_UNINITIALIZED_AUTOS = YES_AGGRESSIVE;
				GCC_WARN_UNUSED_FUNCTION = YES;
				GCC_WARN_UNUSED_VARIABLE = YES;
				IPHONEOS_DEPLOYMENT_TARGET = 9.2;
				MTL_ENABLE_DEBUG_INFO = YES;
				ONLY_ACTIVE_ARCH = YES;
				SDKROOT = iphoneos;
				SWIFT_OPTIMIZATION_LEVEL = "-Onone";
			};
			name = Debug;
		};
		800638D91C8D166800B870BE /* Release */ = {
			isa = XCBuildConfiguration;
			buildSettings = {
				ALWAYS_SEARCH_USER_PATHS = NO;
				CLANG_CXX_LANGUAGE_STANDARD = "gnu++0x";
				CLANG_CXX_LIBRARY = "libc++";
				CLANG_ENABLE_MODULES = YES;
				CLANG_ENABLE_OBJC_ARC = YES;
				CLANG_WARN_BOOL_CONVERSION = YES;
				CLANG_WARN_CONSTANT_CONVERSION = YES;
				CLANG_WARN_DIRECT_OBJC_ISA_USAGE = YES_ERROR;
				CLANG_WARN_EMPTY_BODY = YES;
				CLANG_WARN_ENUM_CONVERSION = YES;
				CLANG_WARN_INT_CONVERSION = YES;
				CLANG_WARN_OBJC_ROOT_CLASS = YES_ERROR;
				CLANG_WARN_UNREACHABLE_CODE = YES;
				CLANG_WARN__DUPLICATE_METHOD_MATCH = YES;
				"CODE_SIGN_IDENTITY[sdk=iphoneos*]" = "iPhone Developer";
				COPY_PHASE_STRIP = NO;
				DEBUG_INFORMATION_FORMAT = "dwarf-with-dsym";
				ENABLE_NS_ASSERTIONS = NO;
				ENABLE_STRICT_OBJC_MSGSEND = YES;
				GCC_C_LANGUAGE_STANDARD = gnu99;
				GCC_NO_COMMON_BLOCKS = YES;
				GCC_WARN_64_TO_32_BIT_CONVERSION = YES;
				GCC_WARN_ABOUT_RETURN_TYPE = YES_ERROR;
				GCC_WARN_UNDECLARED_SELECTOR = YES;
				GCC_WARN_UNINITIALIZED_AUTOS = YES_AGGRESSIVE;
				GCC_WARN_UNUSED_FUNCTION = YES;
				GCC_WARN_UNUSED_VARIABLE = YES;
				IPHONEOS_DEPLOYMENT_TARGET = 9.2;
				MTL_ENABLE_DEBUG_INFO = NO;
				SDKROOT = iphoneos;
				VALIDATE_PRODUCT = YES;
			};
			name = Release;
		};
		800638DB1C8D166800B870BE /* Debug */ = {
			isa = XCBuildConfiguration;
			buildSettings = {
				ASSETCATALOG_COMPILER_APPICON_NAME = AppIcon;
				INFOPLIST_FILE = TicTocToe/Info.plist;
				LD_RUNPATH_SEARCH_PATHS = "$(inherited) @executable_path/Frameworks";
				PRODUCT_BUNDLE_IDENTIFIER = com.Randhir.Kumar.TicTocToe;
				PRODUCT_NAME = "$(TARGET_NAME)";
			};
			name = Debug;
		};
		800638DC1C8D166800B870BE /* Release */ = {
			isa = XCBuildConfiguration;
			buildSettings = {
				ASSETCATALOG_COMPILER_APPICON_NAME = AppIcon;
				INFOPLIST_FILE = TicTocToe/Info.plist;
				LD_RUNPATH_SEARCH_PATHS = "$(inherited) @executable_path/Frameworks";
				PRODUCT_BUNDLE_IDENTIFIER = com.Randhir.Kumar.TicTocToe;
				PRODUCT_NAME = "$(TARGET_NAME)";
			};
			name = Release;
		};
/* End XCBuildConfiguration section */

/* Begin XCConfigurationList section */
		800638C31C8D166800B870BE /* Build configuration list for PBXProject "TicTocToe" */ = {
			isa = XCConfigurationList;
			buildConfigurations = (
				800638D81C8D166800B870BE /* Debug */,
				800638D91C8D166800B870BE /* Release */,
			);
			defaultConfigurationIsVisible = 0;
			defaultConfigurationName = Release;
		};
		800638DA1C8D166800B870BE /* Build configuration list for PBXNativeTarget "TicTocToe" */ = {
			isa = XCConfigurationList;
			buildConfigurations = (
				800638DB1C8D166800B870BE /* Debug */,
				800638DC1C8D166800B870BE /* Release */,
			);
			defaultConfigurationIsVisible = 0;
		};
/* End XCConfigurationList section */
	};
	rootObject = 800638C01C8D166800B870BE /* Project object */;
}
